// !$*UTF8*$!
{
	archiveVersion = 1;
	classes = {
	};
	objectVersion = 46;
	objects = {

/* Begin PBXBuildFile section */
		7F65036F1B59A6DD00C62A82 /* SwiftyJSON.swift in Sources */ = {isa = PBXBuildFile; fileRef = 7F65036E1B59A6DD00C62A82 /* SwiftyJSON.swift */; };
		7F8193B21B57659B0011A2E8 /* AppDelegate.swift in Sources */ = {isa = PBXBuildFile; fileRef = 7F8193B11B57659B0011A2E8 /* AppDelegate.swift */; };
		7F8193B71B57659B0011A2E8 /* Main.storyboard in Resources */ = {isa = PBXBuildFile; fileRef = 7F8193B51B57659B0011A2E8 /* Main.storyboard */; };
		7F8193B91B57659B0011A2E8 /* Images.xcassets in Resources */ = {isa = PBXBuildFile; fileRef = 7F8193B81B57659B0011A2E8 /* Images.xcassets */; };
		7F8193BC1B57659B0011A2E8 /* LaunchScreen.xib in Resources */ = {isa = PBXBuildFile; fileRef = 7F8193BA1B57659B0011A2E8 /* LaunchScreen.xib */; };
		7F8193C81B57659B0011A2E8 /* Latest_PostsTests.swift in Sources */ = {isa = PBXBuildFile; fileRef = 7F8193C71B57659B0011A2E8 /* Latest_PostsTests.swift */; };
		7F8193D21B5770BD0011A2E8 /* LatestPostsTableViewController.swift in Sources */ = {isa = PBXBuildFile; fileRef = 7F8193D11B5770BD0011A2E8 /* LatestPostsTableViewController.swift */; };
		7F8193D41B5770DE0011A2E8 /* LatestPostsTableViewCell.swift in Sources */ = {isa = PBXBuildFile; fileRef = 7F8193D31B5770DE0011A2E8 /* LatestPostsTableViewCell.swift */; };
/* End PBXBuildFile section */

/* Begin PBXContainerItemProxy section */
		7F8193C21B57659B0011A2E8 /* PBXContainerItemProxy */ = {
			isa = PBXContainerItemProxy;
			containerPortal = 7F8193A41B57659B0011A2E8 /* Project object */;
			proxyType = 1;
			remoteGlobalIDString = 7F8193AB1B57659B0011A2E8;
			remoteInfo = "Latest Posts";
		};
/* End PBXContainerItemProxy section */

/* Begin PBXFileReference section */
		7F65036E1B59A6DD00C62A82 /* SwiftyJSON.swift */ = {isa = PBXFileReference; fileEncoding = 4; lastKnownFileType = sourcecode.swift; path = SwiftyJSON.swift; sourceTree = "<group>"; };
		7F8193AC1B57659B0011A2E8 /* Latest Posts.app */ = {isa = PBXFileReference; explicitFileType = wrapper.application; includeInIndex = 0; path = "Latest Posts.app"; sourceTree = BUILT_PRODUCTS_DIR; };
		7F8193B01B57659B0011A2E8 /* Info.plist */ = {isa = PBXFileReference; lastKnownFileType = text.plist.xml; path = Info.plist; sourceTree = "<group>"; };
		7F8193B11B57659B0011A2E8 /* AppDelegate.swift */ = {isa = PBXFileReference; lastKnownFileType = sourcecode.swift; path = AppDelegate.swift; sourceTree = "<group>"; };
		7F8193B61B57659B0011A2E8 /* Base */ = {isa = PBXFileReference; lastKnownFileType = file.storyboard; name = Base; path = Base.lproj/Main.storyboard; sourceTree = "<group>"; };
		7F8193B81B57659B0011A2E8 /* Images.xcassets */ = {isa = PBXFileReference; lastKnownFileType = folder.assetcatalog; path = Images.xcassets; sourceTree = "<group>"; };
		7F8193BB1B57659B0011A2E8 /* Base */ = {isa = PBXFileReference; lastKnownFileType = file.xib; name = Base; path = Base.lproj/LaunchScreen.xib; sourceTree = "<group>"; };
		7F8193C11B57659B0011A2E8 /* Latest PostsTests.xctest */ = {isa = PBXFileReference; explicitFileType = wrapper.cfbundle; includeInIndex = 0; path = "Latest PostsTests.xctest"; sourceTree = BUILT_PRODUCTS_DIR; };
		7F8193C61B57659B0011A2E8 /* Info.plist */ = {isa = PBXFileReference; lastKnownFileType = text.plist.xml; path = Info.plist; sourceTree = "<group>"; };
		7F8193C71B57659B0011A2E8 /* Latest_PostsTests.swift */ = {isa = PBXFileReference; lastKnownFileType = sourcecode.swift; path = Latest_PostsTests.swift; sourceTree = "<group>"; };
		7F8193D11B5770BD0011A2E8 /* LatestPostsTableViewController.swift */ = {isa = PBXFileReference; fileEncoding = 4; lastKnownFileType = sourcecode.swift; path = LatestPostsTableViewController.swift; sourceTree = "<group>"; };
		7F8193D31B5770DE0011A2E8 /* LatestPostsTableViewCell.swift */ = {isa = PBXFileReference; fileEncoding = 4; lastKnownFileType = sourcecode.swift; path = LatestPostsTableViewCell.swift; sourceTree = "<group>"; };
/* End PBXFileReference section */

/* Begin PBXFrameworksBuildPhase section */
		7F8193A91B57659B0011A2E8 /* Frameworks */ = {
			isa = PBXFrameworksBuildPhase;
			buildActionMask = 2147483647;
			files = (
			);
			runOnlyForDeploymentPostprocessing = 0;
		};
		7F8193BE1B57659B0011A2E8 /* Frameworks */ = {
			isa = PBXFrameworksBuildPhase;
			buildActionMask = 2147483647;
			files = (
			);
			runOnlyForDeploymentPostprocessing = 0;
		};
/* End PBXFrameworksBuildPhase section */

/* Begin PBXGroup section */
		7F8193A31B57659B0011A2E8 = {
			isa = PBXGroup;
			children = (
				7F8193AE1B57659B0011A2E8 /* Latest Posts */,
				7F8193C41B57659B0011A2E8 /* Latest PostsTests */,
				7F8193AD1B57659B0011A2E8 /* Products */,
			);
			sourceTree = "<group>";
		};
		7F8193AD1B57659B0011A2E8 /* Products */ = {
			isa = PBXGroup;
			children = (
				7F8193AC1B57659B0011A2E8 /* Latest Posts.app */,
				7F8193C11B57659B0011A2E8 /* Latest PostsTests.xctest */,
			);
			name = Products;
			sourceTree = "<group>";
		};
		7F8193AE1B57659B0011A2E8 /* Latest Posts */ = {
			isa = PBXGroup;
			children = (
				7F8193B11B57659B0011A2E8 /* AppDelegate.swift */,
				7F8193B51B57659B0011A2E8 /* Main.storyboard */,
				7F8193D11B5770BD0011A2E8 /* LatestPostsTableViewController.swift */,
				7F8193D31B5770DE0011A2E8 /* LatestPostsTableViewCell.swift */,
				7F8193B81B57659B0011A2E8 /* Images.xcassets */,
				7F8193BA1B57659B0011A2E8 /* LaunchScreen.xib */,
				7F65036E1B59A6DD00C62A82 /* SwiftyJSON.swift */,
				7F8193AF1B57659B0011A2E8 /* Supporting Files */,
			);
			path = "Latest Posts";
			sourceTree = "<group>";
		};
		7F8193AF1B57659B0011A2E8 /* Supporting Files */ = {
			isa = PBXGroup;
			children = (
				7F8193B01B57659B0011A2E8 /* Info.plist */,
			);
			name = "Supporting Files";
			sourceTree = "<group>";
		};
		7F8193C41B57659B0011A2E8 /* Latest PostsTests */ = {
			isa = PBXGroup;
			children = (
				7F8193C71B57659B0011A2E8 /* Latest_PostsTests.swift */,
				7F8193C51B57659B0011A2E8 /* Supporting Files */,
			);
			path = "Latest PostsTests";
			sourceTree = "<group>";
		};
		7F8193C51B57659B0011A2E8 /* Supporting Files */ = {
			isa = PBXGroup;
			children = (
				7F8193C61B57659B0011A2E8 /* Info.plist */,
			);
			name = "Supporting Files";
			sourceTree = "<group>";
		};
/* End PBXGroup section */

/* Begin PBXNativeTarget section */
		7F8193AB1B57659B0011A2E8 /* Latest Posts */ = {
			isa = PBXNativeTarget;
			buildConfigurationList = 7F8193CB1B57659B0011A2E8 /* Build configuration list for PBXNativeTarget "Latest Posts" */;
			buildPhases = (
				7F8193A81B57659B0011A2E8 /* Sources */,
				7F8193A91B57659B0011A2E8 /* Frameworks */,
				7F8193AA1B57659B0011A2E8 /* Resources */,
			);
			buildRules = (
			);
			dependencies = (
			);
			name = "Latest Posts";
			productName = "Latest Posts";
			productReference = 7F8193AC1B57659B0011A2E8 /* Latest Posts.app */;
			productType = "com.apple.product-type.application";
		};
		7F8193C01B57659B0011A2E8 /* Latest PostsTests */ = {
			isa = PBXNativeTarget;
			buildConfigurationList = 7F8193CE1B57659B0011A2E8 /* Build configuration list for PBXNativeTarget "Latest PostsTests" */;
			buildPhases = (
				7F8193BD1B57659B0011A2E8 /* Sources */,
				7F8193BE1B57659B0011A2E8 /* Frameworks */,
				7F8193BF1B57659B0011A2E8 /* Resources */,
			);
			buildRules = (
			);
			dependencies = (
				7F8193C31B57659B0011A2E8 /* PBXTargetDependency */,
			);
			name = "Latest PostsTests";
			productName = "Latest PostsTests";
			productReference = 7F8193C11B57659B0011A2E8 /* Latest PostsTests.xctest */;
			productType = "com.apple.product-type.bundle.unit-test";
		};
/* End PBXNativeTarget section */

/* Begin PBXProject section */
		7F8193A41B57659B0011A2E8 /* Project object */ = {
			isa = PBXProject;
			attributes = {
				LastUpgradeCheck = 0640;
				ORGANIZATIONNAME = "wLc Designs";
				TargetAttributes = {
					7F8193AB1B57659B0011A2E8 = {
						CreatedOnToolsVersion = 6.4;
					};
					7F8193C01B57659B0011A2E8 = {
						CreatedOnToolsVersion = 6.4;
						TestTargetID = 7F8193AB1B57659B0011A2E8;
					};
				};
			};
			buildConfigurationList = 7F8193A71B57659B0011A2E8 /* Build configuration list for PBXProject "Latest Posts" */;
			compatibilityVersion = "Xcode 3.2";
			developmentRegion = English;
			hasScannedForEncodings = 0;
			knownRegions = (
				en,
				Base,
			);
			mainGroup = 7F8193A31B57659B0011A2E8;
			productRefGroup = 7F8193AD1B57659B0011A2E8 /* Products */;
			projectDirPath = "";
			projectRoot = "";
			targets = (
				7F8193AB1B57659B0011A2E8 /* Latest Posts */,
				7F8193C01B57659B0011A2E8 /* Latest PostsTests */,
			);
		};
/* End PBXProject section */

/* Begin PBXResourcesBuildPhase section */
		7F8193AA1B57659B0011A2E8 /* Resources */ = {
			isa = PBXResourcesBuildPhase;
			buildActionMask = 2147483647;
			files = (
				7F8193B71B57659B0011A2E8 /* Main.storyboard in Resources */,
				7F8193BC1B57659B0011A2E8 /* LaunchScreen.xib in Resources */,
				7F8193B91B57659B0011A2E8 /* Images.xcassets in Resources */,
			);
			runOnlyForDeploymentPostprocessing = 0;
		};
		7F8193BF1B57659B0011A2E8 /* Resources */ = {
			isa = PBXResourcesBuildPhase;
			buildActionMask = 2147483647;
			files = (
			);
			runOnlyForDeploymentPostprocessing = 0;
		};
/* End PBXResourcesBuildPhase section */

/* Begin PBXSourcesBuildPhase section */
		7F8193A81B57659B0011A2E8 /* Sources */ = {
			isa = PBXSourcesBuildPhase;
			buildActionMask = 2147483647;
			files = (
				7F8193B21B57659B0011A2E8 /* AppDelegate.swift in Sources */,
				7F8193D21B5770BD0011A2E8 /* LatestPostsTableViewController.swift in Sources */,
				7F8193D41B5770DE0011A2E8 /* LatestPostsTableViewCell.swift in Sources */,
				7F65036F1B59A6DD00C62A82 /* SwiftyJSON.swift in Sources */,
			);
			runOnlyForDeploymentPostprocessing = 0;
		};
		7F8193BD1B57659B0011A2E8 /* Sources */ = {
			isa = PBXSourcesBuildPhase;
			buildActionMask = 2147483647;
			files = (
				7F8193C81B57659B0011A2E8 /* Latest_PostsTests.swift in Sources */,
			);
			runOnlyForDeploymentPostprocessing = 0;
		};
/* End PBXSourcesBuildPhase section */

/* Begin PBXTargetDependency section */
		7F8193C31B57659B0011A2E8 /* PBXTargetDependency */ = {
			isa = PBXTargetDependency;
			target = 7F8193AB1B57659B0011A2E8 /* Latest Posts */;
			targetProxy = 7F8193C21B57659B0011A2E8 /* PBXContainerItemProxy */;
		};
/* End PBXTargetDependency section */

/* Begin PBXVariantGroup section */
		7F8193B51B57659B0011A2E8 /* Main.storyboard */ = {
			isa = PBXVariantGroup;
			children = (
				7F8193B61B57659B0011A2E8 /* Base */,
			);
			name = Main.storyboard;
			sourceTree = "<group>";
		};
		7F8193BA1B57659B0011A2E8 /* LaunchScreen.xib */ = {
			isa = PBXVariantGroup;
			children = (
				7F8193BB1B57659B0011A2E8 /* Base */,
			);
			name = LaunchScreen.xib;
			sourceTree = "<group>";
		};
/* End PBXVariantGroup section */

/* Begin XCBuildConfiguration section */
		7F8193C91B57659B0011A2E8 /* Debug */ = {
			isa = XCBuildConfiguration;
			buildSettings = {
				ALWAYS_SEARCH_USER_PATHS = NO;
				CLANG_CXX_LANGUAGE_STANDARD = "gnu++0x";
				CLANG_CXX_LIBRARY = "libc++";
				CLANG_ENABLE_MODULES = YES;
				CLANG_ENABLE_OBJC_ARC = YES;
				CLANG_WARN_BOOL_CONVERSION = YES;
				CLANG_WARN_CONSTANT_CONVERSION = YES;
				CLANG_WARN_DIRECT_OBJC_ISA_USAGE = YES_ERROR;
				CLANG_WARN_EMPTY_BODY = YES;
				CLANG_WARN_ENUM_CONVERSION = YES;
				CLANG_WARN_INT_CONVERSION = YES;
				CLANG_WARN_OBJC_ROOT_CLASS = YES_ERROR;
				CLANG_WARN_UNREACHABLE_CODE = YES;
				CLANG_WARN__DUPLICATE_METHOD_MATCH = YES;
				"CODE_SIGN_IDENTITY[sdk=iphoneos*]" = "iPhone Developer";
				COPY_PHASE_STRIP = NO;
				DEBUG_INFORMATION_FORMAT = "dwarf-with-dsym";
				ENABLE_STRICT_OBJC_MSGSEND = YES;
				GCC_C_LANGUAGE_STANDARD = gnu99;
				GCC_DYNAMIC_NO_PIC = NO;
				GCC_NO_COMMON_BLOCKS = YES;
				GCC_OPTIMIZATION_LEVEL = 0;
				GCC_PREPROCESSOR_DEFINITIONS = (
					"DEBUG=1",
					"$(inherited)",
				);
				GCC_SYMBOLS_PRIVATE_EXTERN = NO;
				GCC_WARN_64_TO_32_BIT_CONVERSION = YES;
				GCC_WARN_ABOUT_RETURN_TYPE = YES_ERROR;
				GCC_WARN_UNDECLARED_SELECTOR = YES;
				GCC_WARN_UNINITIALIZED_AUTOS = YES_AGGRESSIVE;
				GCC_WARN_UNUSED_FUNCTION = YES;
				GCC_WARN_UNUSED_VARIABLE = YES;
				IPHONEOS_DEPLOYMENT_TARGET = 8.4;
				MTL_ENABLE_DEBUG_INFO = YES;
				ONLY_ACTIVE_ARCH = YES;
				SDKROOT = iphoneos;
				SWIFT_OPTIMIZATION_LEVEL = "-Onone";
			};
			name = Debug;
		};
		7F8193CA1B57659B0011A2E8 /* Release */ = {
			isa = XCBuildConfiguration;
			buildSettings = {
				ALWAYS_SEARCH_USER_PATHS = NO;
				CLANG_CXX_LANGUAGE_STANDARD = "gnu++0x";
				CLANG_CXX_LIBRARY = "libc++";
				CLANG_ENABLE_MODULES = YES;
				CLANG_ENABLE_OBJC_ARC = YES;
				CLANG_WARN_BOOL_CONVERSION = YES;
				CLANG_WARN_CONSTANT_CONVERSION = YES;
				CLANG_WARN_DIRECT_OBJC_ISA_USAGE = YES_ERROR;
				CLANG_WARN_EMPTY_BODY = YES;
				CLANG_WARN_ENUM_CONVERSION = YES;
				CLANG_WARN_INT_CONVERSION = YES;
				CLANG_WARN_OBJC_ROOT_CLASS = YES_ERROR;
				CLANG_WARN_UNREACHABLE_CODE = YES;
				CLANG_WARN__DUPLICATE_METHOD_MATCH = YES;
				"CODE_SIGN_IDENTITY[sdk=iphoneos*]" = "iPhone Developer";
				COPY_PHASE_STRIP = NO;
				DEBUG_INFORMATION_FORMAT = "dwarf-with-dsym";
				ENABLE_NS_ASSERTIONS = NO;
				ENABLE_STRICT_OBJC_MSGSEND = YES;
				GCC_C_LANGUAGE_STANDARD = gnu99;
				GCC_NO_COMMON_BLOCKS = YES;
				GCC_WARN_64_TO_32_BIT_CONVERSION = YES;
				GCC_WARN_ABOUT_RETURN_TYPE = YES_ERROR;
				GCC_WARN_UNDECLARED_SELECTOR = YES;
				GCC_WARN_UNINITIALIZED_AUTOS = YES_AGGRESSIVE;
				GCC_WARN_UNUSED_FUNCTION = YES;
				GCC_WARN_UNUSED_VARIABLE = YES;
				IPHONEOS_DEPLOYMENT_TARGET = 8.4;
				MTL_ENABLE_DEBUG_INFO = NO;
				SDKROOT = iphoneos;
				VALIDATE_PRODUCT = YES;
			};
			name = Release;
		};
		7F8193CC1B57659B0011A2E8 /* Debug */ = {
			isa = XCBuildConfiguration;
			buildSettings = {
				ASSETCATALOG_COMPILER_APPICON_NAME = AppIcon;
				INFOPLIST_FILE = "Latest Posts/Info.plist";
				LD_RUNPATH_SEARCH_PATHS = "$(inherited) @executable_path/Frameworks";
				PRODUCT_NAME = "$(TARGET_NAME)";
			};
			name = Debug;
		};
		7F8193CD1B57659B0011A2E8 /* Release */ = {
			isa = XCBuildConfiguration;
			buildSettings = {
				ASSETCATALOG_COMPILER_APPICON_NAME = AppIcon;
				INFOPLIST_FILE = "Latest Posts/Info.plist";
				LD_RUNPATH_SEARCH_PATHS = "$(inherited) @executable_path/Frameworks";
				PRODUCT_NAME = "$(TARGET_NAME)";
			};
			name = Release;
		};
		7F8193CF1B57659B0011A2E8 /* Debug */ = {
			isa = XCBuildConfiguration;
			buildSettings = {
				BUNDLE_LOADER = "$(TEST_HOST)";
				FRAMEWORK_SEARCH_PATHS = (
					"$(SDKROOT)/Developer/Library/Frameworks",
					"$(inherited)",
				);
				GCC_PREPROCESSOR_DEFINITIONS = (
					"DEBUG=1",
					"$(inherited)",
				);
				INFOPLIST_FILE = "Latest PostsTests/Info.plist";
				LD_RUNPATH_SEARCH_PATHS = "$(inherited) @executable_path/Frameworks @loader_path/Frameworks";
				PRODUCT_NAME = "$(TARGET_NAME)";
				TEST_HOST = "$(BUILT_PRODUCTS_DIR)/Latest Posts.app/Latest Posts";
			};
			name = Debug;
		};
		7F8193D01B57659B0011A2E8 /* Release */ = {
			isa = XCBuildConfiguration;
			buildSettings = {
				BUNDLE_LOADER = "$(TEST_HOST)";
				FRAMEWORK_SEARCH_PATHS = (
					"$(SDKROOT)/Developer/Library/Frameworks",
					"$(inherited)",
				);
				INFOPLIST_FILE = "Latest PostsTests/Info.plist";
				LD_RUNPATH_SEARCH_PATHS = "$(inherited) @executable_path/Frameworks @loader_path/Frameworks";
				PRODUCT_NAME = "$(TARGET_NAME)";
				TEST_HOST = "$(BUILT_PRODUCTS_DIR)/Latest Posts.app/Latest Posts";
			};
			name = Release;
		};
/* End XCBuildConfiguration section */

/* Begin XCConfigurationList section */
		7F8193A71B57659B0011A2E8 /* Build configuration list for PBXProject "Latest Posts" */ = {
			isa = XCConfigurationList;
			buildConfigurations = (
				7F8193C91B57659B0011A2E8 /* Debug */,
				7F8193CA1B57659B0011A2E8 /* Release */,
			);
			defaultConfigurationIsVisible = 0;
			defaultConfigurationName = Release;
		};
		7F8193CB1B57659B0011A2E8 /* Build configuration list for PBXNativeTarget "Latest Posts" */ = {
			isa = XCConfigurationList;
			buildConfigurations = (
				7F8193CC1B57659B0011A2E8 /* Debug */,
				7F8193CD1B57659B0011A2E8 /* Release */,
			);
			defaultConfigurationIsVisible = 0;
			defaultConfigurationName = Release;
		};
		7F8193CE1B57659B0011A2E8 /* Build configuration list for PBXNativeTarget "Latest PostsTests" */ = {
			isa = XCConfigurationList;
			buildConfigurations = (
				7F8193CF1B57659B0011A2E8 /* Debug */,
				7F8193D01B57659B0011A2E8 /* Release */,
			);
			defaultConfigurationIsVisible = 0;
			defaultConfigurationName = Release;
		};
/* End XCConfigurationList section */
	};
	rootObject = 7F8193A41B57659B0011A2E8 /* Project object */;
}
